{
  "name": "project-a",
  "version": "0.1.0",
  "lockfileVersion": 3,
  "requires": true,
  "packages": {
    "": {
      "name": "project-a",
      "version": "0.1.0",
      "license": "ISC",
      "dependencies": {
        "@toyfield/pkg-a": "0.1.6"
      }
    },
    "node_modules/@toyfield/pkg-a": {
      "version": "0.1.6",
      "resolved": "https://npm.pkg.github.com/download/@toyfield/pkg-a/0.1.6/2f25435a5923d58029a67a97cbba5d1584332486",
      "integrity": "sha512-jVfxI4tLa7HCpJSRzifj+zL5UgLBON7Zj9P/QsBcAX5uh+uMMKEWePWxCNQJKTk5yDGvQuaMgbIgH5KBJ+jT8w==",
      "license": "ISC"
    }
  }
}
