{
  "name": "project-a",
  "version": "0.1.0",
  "lockfileVersion": 3,
  "requires": true,
  "packages": {
    "": {
      "name": "project-a",
      "version": "0.1.0",
      "license": "ISC",
      "dependencies": {
        "@toyfield/pkg-a": "0.1.1"
      }
    },
    "node_modules/@toyfield/pkg-a": {
      "version": "0.1.1",
      "resolved": "https://npm.pkg.github.com/download/@toyfield/pkg-a/0.1.1/d798dcc5e75e5c60b58be48c3dc2d7492106827f",
      "integrity": "sha512-yj/lfY2eBtaGnywV+3O43agO3ZdIu/B3uOpglWAEotyotewhr/s23IU//bD1gfVY3TSdvFPlcQS487KTETBZqw==",
      "license": "ISC"
    }
  }
}
