{
  "name": "project-a",
  "version": "0.1.0",
  "lockfileVersion": 3,
  "requires": true,
  "packages": {
    "": {
      "name": "project-a",
      "version": "0.1.0",
      "license": "ISC",
      "dependencies": {
        "@toyfield/pkg-a": "0.1.18"
      }
    },
    "node_modules/@toyfield/pkg-a": {
      "version": "0.1.18",
      "resolved": "https://npm.pkg.github.com/download/@toyfield/pkg-a/0.1.18/9c1c4ac35c7a40452acb42eda059776f30d10289",
      "integrity": "sha512-xdVZep9JdSi+GrbtVjBz7q2zqfT4d8/o9VM+xlRNJR3etiXwsrD/Hs6kEn+3FsiQXFq/imu5Z+LYuzjOjzBtzg==",
      "license": "ISC"
    }
  }
}
